
Microsoft Visual Studio Solution File, Format Version 12.00
# Visual Studio Version 17
VisualStudioVersion = 17.10.35027.167
MinimumVisualStudioVersion = 10.0.40219.1
Project("{9A19103F-16F7-4668-BE54-9A1E7A4F7556}") = "Ambev.DeveloperEvaluation.Application", "src\Ambev.DeveloperEvaluation.Application\Ambev.DeveloperEvaluation.Application.csproj", "{80CED839-FE4A-4286-9403-252D230BA2A0}"
EndProject
Project("{9A19103F-16F7-4668-BE54-9A1E7A4F7556}") = "Ambev.DeveloperEvaluation.Domain", "src\Ambev.DeveloperEvaluation.Domain\Ambev.DeveloperEvaluation.Domain.csproj", "{B19079B3-A9DD-4408-9ED2-899D735C66BF}"
EndProject
Project("{E53339B2-1760-4266-BCC7-CA923CBCF16C}") = "docker-compose", "docker-compose.dcproj", "{4AF79501-F785-4B98-8EE5-54BE186D67A2}"
EndProject
Project("{2150E333-8FDC-42A3-9474-1A3956D46DE8}") = "Solution Items", "Solution Items", "{C361795D-30EF-4513-B313-8622BE1AD313}"
	ProjectSection(SolutionItems) = preProject
		.editorconfig = .editorconfig
	EndProjectSection
EndProject
Project("{9A19103F-16F7-4668-BE54-9A1E7A4F7556}") = "Ambev.DeveloperEvaluation.Api", "src\Ambev.DeveloperEvaluation.Api\Ambev.DeveloperEvaluation.Api.csproj", "{B1BC53B8-9A2B-419C-A4AE-95CEAF2AC77B}"
EndProject
Project("{9A19103F-16F7-4668-BE54-9A1E7A4F7556}") = "Ambev.DeveloperEvaluation.Infrastructure", "src\Ambev.DeveloperEvaluation.Infrastructure\Ambev.DeveloperEvaluation.Infrastructure.csproj", "{3714D495-C86E-428C-8D99-BE1E6F8F5BCE}"
EndProject
Project("{FAE04EC0-301F-11D3-BF4B-00C04F79EFBC}") = "Ambev.DeveloperEvaluation.Tests", "src\Ambev.DeveloperEvaluation.Tests\Ambev.DeveloperEvaluation.Tests.csproj", "{3A4C99C4-6B28-4C75-B1AD-CFAD3A91B2D9}"
EndProject
Global
	GlobalSection(SolutionConfigurationPlatforms) = preSolution
		Debug|Any CPU = Debug|Any CPU
		Release|Any CPU = Release|Any CPU
	EndGlobalSection
	GlobalSection(ProjectConfigurationPlatforms) = postSolution
		{80CED839-FE4A-4286-9403-252D230BA2A0}.Debug|Any CPU.ActiveCfg = Debug|Any CPU
		{80CED839-FE4A-4286-9403-252D230BA2A0}.Debug|Any CPU.Build.0 = Debug|Any CPU
		{80CED839-FE4A-4286-9403-252D230BA2A0}.Release|Any CPU.ActiveCfg = Release|Any CPU
		{80CED839-FE4A-4286-9403-252D230BA2A0}.Release|Any CPU.Build.0 = Release|Any CPU
		{B19079B3-A9DD-4408-9ED2-899D735C66BF}.Debug|Any CPU.ActiveCfg = Debug|Any CPU
		{B19079B3-A9DD-4408-9ED2-899D735C66BF}.Debug|Any CPU.Build.0 = Debug|Any CPU
		{B19079B3-A9DD-4408-9ED2-899D735C66BF}.Release|Any CPU.ActiveCfg = Release|Any CPU
		{B19079B3-A9DD-4408-9ED2-899D735C66BF}.Release|Any CPU.Build.0 = Release|Any CPU
		{4AF79501-F785-4B98-8EE5-54BE186D67A2}.Debug|Any CPU.ActiveCfg = Debug|Any CPU
		{4AF79501-F785-4B98-8EE5-54BE186D67A2}.Debug|Any CPU.Build.0 = Debug|Any CPU
		{4AF79501-F785-4B98-8EE5-54BE186D67A2}.Release|Any CPU.ActiveCfg = Release|Any CPU
		{4AF79501-F785-4B98-8EE5-54BE186D67A2}.Release|Any CPU.Build.0 = Release|Any CPU
		{B1BC53B8-9A2B-419C-A4AE-95CEAF2AC77B}.Debug|Any CPU.ActiveCfg = Debug|Any CPU
		{B1BC53B8-9A2B-419C-A4AE-95CEAF2AC77B}.Debug|Any CPU.Build.0 = Debug|Any CPU
		{B1BC53B8-9A2B-419C-A4AE-95CEAF2AC77B}.Release|Any CPU.ActiveCfg = Release|Any CPU
		{B1BC53B8-9A2B-419C-A4AE-95CEAF2AC77B}.Release|Any CPU.Build.0 = Release|Any CPU
		{3714D495-C86E-428C-8D99-BE1E6F8F5BCE}.Debug|Any CPU.ActiveCfg = Debug|Any CPU
		{3714D495-C86E-428C-8D99-BE1E6F8F5BCE}.Debug|Any CPU.Build.0 = Debug|Any CPU
		{3714D495-C86E-428C-8D99-BE1E6F8F5BCE}.Release|Any CPU.ActiveCfg = Release|Any CPU
		{3714D495-C86E-428C-8D99-BE1E6F8F5BCE}.Release|Any CPU.Build.0 = Release|Any CPU
		{3A4C99C4-6B28-4C75-B1AD-CFAD3A91B2D9}.Debug|Any CPU.ActiveCfg = Debug|Any CPU
		{3A4C99C4-6B28-4C75-B1AD-CFAD3A91B2D9}.Debug|Any CPU.Build.0 = Debug|Any CPU
		{3A4C99C4-6B28-4C75-B1AD-CFAD3A91B2D9}.Release|Any CPU.ActiveCfg = Release|Any CPU
		{3A4C99C4-6B28-4C75-B1AD-CFAD3A91B2D9}.Release|Any CPU.Build.0 = Release|Any CPU
	EndGlobalSection
	GlobalSection(SolutionProperties) = preSolution
		HideSolutionNode = FALSE
	EndGlobalSection
	GlobalSection(ExtensibilityGlobals) = postSolution
		SolutionGuid = {13EAB81A-C6B2-4C22-B4DE-C6603FC445B6}
	EndGlobalSection
EndGlobal
